
Microsoft Visual Studio Solution File, Format Version 12.00
# Visual Studio Version 17
VisualStudioVersion = 17.5.002.0
MinimumVisualStudioVersion = 10.0.40219.1
Project("{9A19103F-16F7-4668-BE54-9A1E7A4F7556}") = "dotnet-app", "dotnet-app\dotnet-app.csproj", "{6E2FE735-BBCC-4889-8AC7-7639972816FB}"
EndProject
Project("{FAE04EC0-301F-11D3-BF4B-00C04F79EFBC}") = "backend", "backend\backend.csproj", "{0425BF8B-4297-41EE-8C88-57EBBAAEF246}"
EndProject
Global
	GlobalSection(SolutionConfigurationPlatforms) = preSolution
		Debug|Any CPU = Debug|Any CPU
		Release|Any CPU = Release|Any CPU
	EndGlobalSection
	GlobalSection(ProjectConfigurationPlatforms) = postSolution
		{98DD51F1-0832-4221-A8D3-DAB838AF4D53}.Debug|Any CPU.ActiveCfg = Debug|Any CPU
		{98DD51F1-0832-4221-A8D3-DAB838AF4D53}.Debug|Any CPU.Build.0 = Debug|Any CPU
		{98DD51F1-0832-4221-A8D3-DAB838AF4D53}.Release|Any CPU.ActiveCfg = Release|Any CPU
		{98DD51F1-0832-4221-A8D3-DAB838AF4D53}.Release|Any CPU.Build.0 = Release|Any CPU
		{6E2FE735-BBCC-4889-8AC7-7639972816FB}.Debug|Any CPU.ActiveCfg = Debug|Any CPU
		{6E2FE735-BBCC-4889-8AC7-7639972816FB}.Debug|Any CPU.Build.0 = Debug|Any CPU
		{6E2FE735-BBCC-4889-8AC7-7639972816FB}.Release|Any CPU.ActiveCfg = Release|Any CPU
		{6E2FE735-BBCC-4889-8AC7-7639972816FB}.Release|Any CPU.Build.0 = Release|Any CPU
		{0425BF8B-4297-41EE-8C88-57EBBAAEF246}.Debug|Any CPU.ActiveCfg = Debug|Any CPU
		{0425BF8B-4297-41EE-8C88-57EBBAAEF246}.Debug|Any CPU.Build.0 = Debug|Any CPU
		{0425BF8B-4297-41EE-8C88-57EBBAAEF246}.Release|Any CPU.ActiveCfg = Release|Any CPU
		{0425BF8B-4297-41EE-8C88-57EBBAAEF246}.Release|Any CPU.Build.0 = Release|Any CPU
	EndGlobalSection
	GlobalSection(SolutionProperties) = preSolution
		HideSolutionNode = FALSE
	EndGlobalSection
	GlobalSection(ExtensibilityGlobals) = postSolution
		SolutionGuid = {3DDF7578-9278-462E-8ECF-F9BE4103B4F6}
	EndGlobalSection
EndGlobal
